<Solution>
  <Folder Name="/src/">
    <Project Path="src/PsfGuard.Director.Plugin/PsfGuard.Director.Plugin.csproj" />
    <Project Path="src/PsfGuard.Director.Runtime/PsfGuard.Director.Runtime.csproj" />
  </Folder>
  <Folder Name="/tests/">
    <Project Path="tests/PsfGuard.Director.Tests/PsfGuard.Director.Tests.csproj" />
  </Folder>
  <Folder Name="/tools/">
    <Project Path="tools/NinaIsolation/NinaIsolation.csproj" />
  </Folder>
</Solution>
